
Microsoft Visual Studio Solution File, Format Version 12.00
# Visual Studio Version 16
VisualStudioVersion = 16.0.30011.22
MinimumVisualStudioVersion = 10.0.40219.1
Project("{8BC9CEB8-8B4A-11D0-8D11-00A0C91BC942}") = "gps_location", "gps_location\gps_location.vcxproj", "{6E7B522D-813D-4B27-B508-125546BAF937}"
EndProject
Global
	GlobalSection(SolutionConfigurationPlatforms) = preSolution
		Debug|x64 = Debug|x64
		Debug|x86 = Debug|x86
		Release|x64 = Release|x64
		Release|x86 = Release|x86
	EndGlobalSection
	GlobalSection(ProjectConfigurationPlatforms) = postSolution
		{6E7B522D-813D-4B27-B508-125546BAF937}.Debug|x64.ActiveCfg = Debug|x64
		{6E7B522D-813D-4B27-B508-125546BAF937}.Debug|x64.Build.0 = Debug|x64
		{6E7B522D-813D-4B27-B508-125546BAF937}.Debug|x86.ActiveCfg = Debug|Win32
		{6E7B522D-813D-4B27-B508-125546BAF937}.Debug|x86.Build.0 = Debug|Win32
		{6E7B522D-813D-4B27-B508-125546BAF937}.Release|x64.ActiveCfg = Release|x64
		{6E7B522D-813D-4B27-B508-125546BAF937}.Release|x64.Build.0 = Release|x64
		{6E7B522D-813D-4B27-B508-125546BAF937}.Release|x86.ActiveCfg = Release|Win32
		{6E7B522D-813D-4B27-B508-125546BAF937}.Release|x86.Build.0 = Release|Win32
	EndGlobalSection
	GlobalSection(SolutionProperties) = preSolution
		HideSolutionNode = FALSE
	EndGlobalSection
	GlobalSection(ExtensibilityGlobals) = postSolution
		SolutionGuid = {613732DB-2CE4-40C0-8C7B-6C957AB56AAD}
	EndGlobalSection
EndGlobal
